// !$*UTF8*$!
{
	archiveVersion = 1;
	classes = {
	};
	objectVersion = 52;
	objects = {

/* Begin PBXBuildFile section */
		3188139FD272384B6DBC4926 /* Pods_BicycleRide.framework in Frameworks */ = {isa = PBXBuildFile; fileRef = D1BBFEAEBBBCF4F91BFB730C /* Pods_BicycleRide.framework */; };
		651EF80523C0F850005FD140 /* Meeting.swift in Sources */ = {isa = PBXBuildFile; fileRef = 651EF80423C0F850005FD140 /* Meeting.swift */; };
		651EF80823C100EA005FD140 /* MeetingCell.swift in Sources */ = {isa = PBXBuildFile; fileRef = 651EF80623C100EA005FD140 /* MeetingCell.swift */; };
		651EF80923C100EA005FD140 /* MeetingCell.xib in Resources */ = {isa = PBXBuildFile; fileRef = 651EF80723C100EA005FD140 /* MeetingCell.xib */; };
		651EF80B23C24B8F005FD140 /* UserProfile.swift in Sources */ = {isa = PBXBuildFile; fileRef = 651EF80A23C24B8F005FD140 /* UserProfile.swift */; };
		651EF80D23C24E7D005FD140 /* FirestoreService.swift in Sources */ = {isa = PBXBuildFile; fileRef = 651EF80C23C24E7D005FD140 /* FirestoreService.swift */; };
		651EF80F23C4D180005FD140 /* NewMeetingFirstViewController.swift in Sources */ = {isa = PBXBuildFile; fileRef = 651EF80E23C4D180005FD140 /* NewMeetingFirstViewController.swift */; };
		651EF81123C5D8D3005FD140 /* NewMeetingSecondViewController.swift in Sources */ = {isa = PBXBuildFile; fileRef = 651EF81023C5D8D3005FD140 /* NewMeetingSecondViewController.swift */; };
		651EF85D23CB8F78005FD140 /* MeetingAnnotation.swift in Sources */ = {isa = PBXBuildFile; fileRef = 651EF85C23CB8F78005FD140 /* MeetingAnnotation.swift */; };
		656FAA8623CF21A20090C4EC /* AuthProtocol.swift in Sources */ = {isa = PBXBuildFile; fileRef = 656FAA8523CF21A20090C4EC /* AuthProtocol.swift */; };
		656FAA8823CF21B90090C4EC /* FirestoreProtocol.swift in Sources */ = {isa = PBXBuildFile; fileRef = 656FAA8723CF21B90090C4EC /* FirestoreProtocol.swift */; };
		656FAA8A23CF251F0090C4EC /* AuthSession.swift in Sources */ = {isa = PBXBuildFile; fileRef = 656FAA8923CF251F0090C4EC /* AuthSession.swift */; };
		656FAACE23D659800090C4EC /* Dictionary.swift in Sources */ = {isa = PBXBuildFile; fileRef = 656FAACD23D659800090C4EC /* Dictionary.swift */; };
		6578525523DA121A009B1A4C /* FirestoreSession.swift in Sources */ = {isa = PBXBuildFile; fileRef = 6578525423DA121A009B1A4C /* FirestoreSession.swift */; };
		6578525723DDFC70009B1A4C /* AuthSessionFake.swift in Sources */ = {isa = PBXBuildFile; fileRef = 6578525623DDFC70009B1A4C /* AuthSessionFake.swift */; };
		6578525923DDFD85009B1A4C /* FakeAuthResponse.swift in Sources */ = {isa = PBXBuildFile; fileRef = 6578525823DDFD85009B1A4C /* FakeAuthResponse.swift */; };
		6578525B23DEE779009B1A4C /* MeetingDetailsViewController.swift in Sources */ = {isa = PBXBuildFile; fileRef = 6578525A23DEE779009B1A4C /* MeetingDetailsViewController.swift */; };
		6578525D23DEE9E3009B1A4C /* AuthServiceTests.swift in Sources */ = {isa = PBXBuildFile; fileRef = 6578525C23DEE9E3009B1A4C /* AuthServiceTests.swift */; };
		6578525F23DF371A009B1A4C /* FirestoreSessionFake.swift in Sources */ = {isa = PBXBuildFile; fileRef = 6578525E23DF371A009B1A4C /* FirestoreSessionFake.swift */; };
		6578526123DF37AE009B1A4C /* FakeFirestoreResponse.swift in Sources */ = {isa = PBXBuildFile; fileRef = 6578526023DF37AE009B1A4C /* FakeFirestoreResponse.swift */; };
		6578526323DF3A3E009B1A4C /* FirestoreServiceTests.swift in Sources */ = {isa = PBXBuildFile; fileRef = 6578526223DF3A3E009B1A4C /* FirestoreServiceTests.swift */; };
		6578526523E20D00009B1A4C /* UserProfileViewController.swift in Sources */ = {isa = PBXBuildFile; fileRef = 6578526423E20D00009B1A4C /* UserProfileViewController.swift */; };
		6578526723E2E33A009B1A4C /* UIStackView.swift in Sources */ = {isa = PBXBuildFile; fileRef = 6578526623E2E33A009B1A4C /* UIStackView.swift */; };
		6578526A23E31327009B1A4C /* RoundButton.swift in Sources */ = {isa = PBXBuildFile; fileRef = 6578526923E31327009B1A4C /* RoundButton.swift */; };
		6578526C23E5E868009B1A4C /* Document.swift in Sources */ = {isa = PBXBuildFile; fileRef = 6578526B23E5E867009B1A4C /* Document.swift */; };
		6578526F23E748EA009B1A4C /* Double.swift in Sources */ = {isa = PBXBuildFile; fileRef = 6578526E23E748EA009B1A4C /* Double.swift */; };
		6578527123E759C3009B1A4C /* Message.swift in Sources */ = {isa = PBXBuildFile; fileRef = 6578527023E759C3009B1A4C /* Message.swift */; };
		6578527323E75A47009B1A4C /* ChatViewController.swift in Sources */ = {isa = PBXBuildFile; fileRef = 6578527223E75A47009B1A4C /* ChatViewController.swift */; };
		6578527823E7638D009B1A4C /* MessageCell.swift in Sources */ = {isa = PBXBuildFile; fileRef = 6578527623E7638D009B1A4C /* MessageCell.swift */; };
		6578527923E7638D009B1A4C /* MessageCell.xib in Resources */ = {isa = PBXBuildFile; fileRef = 6578527723E7638D009B1A4C /* MessageCell.xib */; };
		6578527C23E85063009B1A4C /* IQKeyboardManagerSwift in Frameworks */ = {isa = PBXBuildFile; productRef = 6578527B23E85063009B1A4C /* IQKeyboardManagerSwift */; };
		65B2735223A975C100BF04FF /* AppDelegate.swift in Sources */ = {isa = PBXBuildFile; fileRef = 65B2735123A975C100BF04FF /* AppDelegate.swift */; };
		65B2735423A975C100BF04FF /* SceneDelegate.swift in Sources */ = {isa = PBXBuildFile; fileRef = 65B2735323A975C100BF04FF /* SceneDelegate.swift */; };
		65B2735923A975C100BF04FF /* Main.storyboard in Resources */ = {isa = PBXBuildFile; fileRef = 65B2735723A975C100BF04FF /* Main.storyboard */; };
		65B2735B23A975C300BF04FF /* Assets.xcassets in Resources */ = {isa = PBXBuildFile; fileRef = 65B2735A23A975C300BF04FF /* Assets.xcassets */; };
		65B2735E23A975C300BF04FF /* LaunchScreen.storyboard in Resources */ = {isa = PBXBuildFile; fileRef = 65B2735C23A975C300BF04FF /* LaunchScreen.storyboard */; };
		65B2739823AA2DB700BF04FF /* Constants.swift in Sources */ = {isa = PBXBuildFile; fileRef = 65B2739723AA2DB700BF04FF /* Constants.swift */; };
		65B273CA23BAA7A800BF04FF /* GoogleService-Info.plist in Resources */ = {isa = PBXBuildFile; fileRef = 65B273C923BAA7A800BF04FF /* GoogleService-Info.plist */; };
		65B273CC23BBAFDC00BF04FF /* AuthService.swift in Sources */ = {isa = PBXBuildFile; fileRef = 65B273CB23BBAFDC00BF04FF /* AuthService.swift */; };
		65B273CE23BBB86600BF04FF /* TabBarViewController.swift in Sources */ = {isa = PBXBuildFile; fileRef = 65B273CD23BBB86600BF04FF /* TabBarViewController.swift */; };
		65B273D023BCBCB600BF04FF /* LoginRegister.storyboard in Resources */ = {isa = PBXBuildFile; fileRef = 65B273CF23BCBCB600BF04FF /* LoginRegister.storyboard */; };
		65B273D223BCCFC000BF04FF /* LoginViewController.swift in Sources */ = {isa = PBXBuildFile; fileRef = 65B273D123BCCFC000BF04FF /* LoginViewController.swift */; };
		65B273D423BCCFE100BF04FF /* RegisterViewController.swift in Sources */ = {isa = PBXBuildFile; fileRef = 65B273D323BCCFE100BF04FF /* RegisterViewController.swift */; };
		65B273D623BCF3E700BF04FF /* UIViewController.swift in Sources */ = {isa = PBXBuildFile; fileRef = 65B273D523BCF3E700BF04FF /* UIViewController.swift */; };
		65B273D823BE704300BF04FF /* MeetingsViewController.swift in Sources */ = {isa = PBXBuildFile; fileRef = 65B273D723BE704300BF04FF /* MeetingsViewController.swift */; };
		65CBA16523EEED06003E49EE /* String.swift in Sources */ = {isa = PBXBuildFile; fileRef = 65CBA16423EEED06003E49EE /* String.swift */; };
		65CBA16923F98601003E49EE /* SF-Pro-Display-Regular.otf in Resources */ = {isa = PBXBuildFile; fileRef = 65CBA16823F98601003E49EE /* SF-Pro-Display-Regular.otf */; };
		65CBA16B23F986E4003E49EE /* SF-Pro-Display-Semibold.otf in Resources */ = {isa = PBXBuildFile; fileRef = 65CBA16A23F986E4003E49EE /* SF-Pro-Display-Semibold.otf */; };
		F33F46BA87BB41C232F87066 /* Pods_BicycleRideTests.framework in Frameworks */ = {isa = PBXBuildFile; fileRef = 88DE0A4713B3779FA306CDCB /* Pods_BicycleRideTests.framework */; };
/* End PBXBuildFile section */

/* Begin PBXContainerItemProxy section */
		65B2736523A975C300BF04FF /* PBXContainerItemProxy */ = {
			isa = PBXContainerItemProxy;
			containerPortal = 65B2734623A975C100BF04FF /* Project object */;
			proxyType = 1;
			remoteGlobalIDString = 65B2734D23A975C100BF04FF;
			remoteInfo = BicycleRide;
		};
/* End PBXContainerItemProxy section */

/* Begin PBXFileReference section */
		4522D4B2676DDC16B144F441 /* Pods-BicycleRideTests.release.xcconfig */ = {isa = PBXFileReference; includeInIndex = 1; lastKnownFileType = text.xcconfig; name = "Pods-BicycleRideTests.release.xcconfig"; path = "Target Support Files/Pods-BicycleRideTests/Pods-BicycleRideTests.release.xcconfig"; sourceTree = "<group>"; };
		651EF80423C0F850005FD140 /* Meeting.swift */ = {isa = PBXFileReference; lastKnownFileType = sourcecode.swift; path = Meeting.swift; sourceTree = "<group>"; };
		651EF80623C100EA005FD140 /* MeetingCell.swift */ = {isa = PBXFileReference; lastKnownFileType = sourcecode.swift; path = MeetingCell.swift; sourceTree = "<group>"; };
		651EF80723C100EA005FD140 /* MeetingCell.xib */ = {isa = PBXFileReference; lastKnownFileType = file.xib; path = MeetingCell.xib; sourceTree = "<group>"; };
		651EF80A23C24B8F005FD140 /* UserProfile.swift */ = {isa = PBXFileReference; lastKnownFileType = sourcecode.swift; path = UserProfile.swift; sourceTree = "<group>"; };
		651EF80C23C24E7D005FD140 /* FirestoreService.swift */ = {isa = PBXFileReference; lastKnownFileType = sourcecode.swift; path = FirestoreService.swift; sourceTree = "<group>"; };
		651EF80E23C4D180005FD140 /* NewMeetingFirstViewController.swift */ = {isa = PBXFileReference; lastKnownFileType = sourcecode.swift; path = NewMeetingFirstViewController.swift; sourceTree = "<group>"; };
		651EF81023C5D8D3005FD140 /* NewMeetingSecondViewController.swift */ = {isa = PBXFileReference; lastKnownFileType = sourcecode.swift; path = NewMeetingSecondViewController.swift; sourceTree = "<group>"; };
		651EF85C23CB8F78005FD140 /* MeetingAnnotation.swift */ = {isa = PBXFileReference; lastKnownFileType = sourcecode.swift; path = MeetingAnnotation.swift; sourceTree = "<group>"; };
		656FAA8523CF21A20090C4EC /* AuthProtocol.swift */ = {isa = PBXFileReference; lastKnownFileType = sourcecode.swift; path = AuthProtocol.swift; sourceTree = "<group>"; };
		656FAA8723CF21B90090C4EC /* FirestoreProtocol.swift */ = {isa = PBXFileReference; lastKnownFileType = sourcecode.swift; path = FirestoreProtocol.swift; sourceTree = "<group>"; };
		656FAA8923CF251F0090C4EC /* AuthSession.swift */ = {isa = PBXFileReference; lastKnownFileType = sourcecode.swift; path = AuthSession.swift; sourceTree = "<group>"; };
		656FAACD23D659800090C4EC /* Dictionary.swift */ = {isa = PBXFileReference; lastKnownFileType = sourcecode.swift; path = Dictionary.swift; sourceTree = "<group>"; };
		6578525423DA121A009B1A4C /* FirestoreSession.swift */ = {isa = PBXFileReference; lastKnownFileType = sourcecode.swift; path = FirestoreSession.swift; sourceTree = "<group>"; };
		6578525623DDFC70009B1A4C /* AuthSessionFake.swift */ = {isa = PBXFileReference; lastKnownFileType = sourcecode.swift; path = AuthSessionFake.swift; sourceTree = "<group>"; };
		6578525823DDFD85009B1A4C /* FakeAuthResponse.swift */ = {isa = PBXFileReference; lastKnownFileType = sourcecode.swift; path = FakeAuthResponse.swift; sourceTree = "<group>"; };
		6578525A23DEE779009B1A4C /* MeetingDetailsViewController.swift */ = {isa = PBXFileReference; lastKnownFileType = sourcecode.swift; path = MeetingDetailsViewController.swift; sourceTree = "<group>"; };
		6578525C23DEE9E3009B1A4C /* AuthServiceTests.swift */ = {isa = PBXFileReference; lastKnownFileType = sourcecode.swift; path = AuthServiceTests.swift; sourceTree = "<group>"; };
		6578525E23DF371A009B1A4C /* FirestoreSessionFake.swift */ = {isa = PBXFileReference; lastKnownFileType = sourcecode.swift; path = FirestoreSessionFake.swift; sourceTree = "<group>"; };
		6578526023DF37AE009B1A4C /* FakeFirestoreResponse.swift */ = {isa = PBXFileReference; lastKnownFileType = sourcecode.swift; path = FakeFirestoreResponse.swift; sourceTree = "<group>"; };
		6578526223DF3A3E009B1A4C /* FirestoreServiceTests.swift */ = {isa = PBXFileReference; lastKnownFileType = sourcecode.swift; path = FirestoreServiceTests.swift; sourceTree = "<group>"; };
		6578526423E20D00009B1A4C /* UserProfileViewController.swift */ = {isa = PBXFileReference; lastKnownFileType = sourcecode.swift; path = UserProfileViewController.swift; sourceTree = "<group>"; };
		6578526623E2E33A009B1A4C /* UIStackView.swift */ = {isa = PBXFileReference; lastKnownFileType = sourcecode.swift; path = UIStackView.swift; sourceTree = "<group>"; };
		6578526923E31327009B1A4C /* RoundButton.swift */ = {isa = PBXFileReference; lastKnownFileType = sourcecode.swift; path = RoundButton.swift; sourceTree = "<group>"; };
		6578526B23E5E867009B1A4C /* Document.swift */ = {isa = PBXFileReference; lastKnownFileType = sourcecode.swift; path = Document.swift; sourceTree = "<group>"; };
		6578526E23E748EA009B1A4C /* Double.swift */ = {isa = PBXFileReference; lastKnownFileType = sourcecode.swift; path = Double.swift; sourceTree = "<group>"; };
		6578527023E759C3009B1A4C /* Message.swift */ = {isa = PBXFileReference; lastKnownFileType = sourcecode.swift; path = Message.swift; sourceTree = "<group>"; };
		6578527223E75A47009B1A4C /* ChatViewController.swift */ = {isa = PBXFileReference; lastKnownFileType = sourcecode.swift; path = ChatViewController.swift; sourceTree = "<group>"; };
		6578527623E7638D009B1A4C /* MessageCell.swift */ = {isa = PBXFileReference; lastKnownFileType = sourcecode.swift; path = MessageCell.swift; sourceTree = "<group>"; };
		6578527723E7638D009B1A4C /* MessageCell.xib */ = {isa = PBXFileReference; lastKnownFileType = file.xib; path = MessageCell.xib; sourceTree = "<group>"; };
		65B2734E23A975C100BF04FF /* BicycleRide.app */ = {isa = PBXFileReference; explicitFileType = wrapper.application; includeInIndex = 0; path = BicycleRide.app; sourceTree = BUILT_PRODUCTS_DIR; };
		65B2735123A975C100BF04FF /* AppDelegate.swift */ = {isa = PBXFileReference; lastKnownFileType = sourcecode.swift; path = AppDelegate.swift; sourceTree = "<group>"; };
		65B2735323A975C100BF04FF /* SceneDelegate.swift */ = {isa = PBXFileReference; lastKnownFileType = sourcecode.swift; path = SceneDelegate.swift; sourceTree = "<group>"; };
		65B2735823A975C100BF04FF /* Base */ = {isa = PBXFileReference; lastKnownFileType = file.storyboard; name = Base; path = Base.lproj/Main.storyboard; sourceTree = "<group>"; };
		65B2735A23A975C300BF04FF /* Assets.xcassets */ = {isa = PBXFileReference; lastKnownFileType = folder.assetcatalog; path = Assets.xcassets; sourceTree = "<group>"; };
		65B2735D23A975C300BF04FF /* Base */ = {isa = PBXFileReference; lastKnownFileType = file.storyboard; name = Base; path = Base.lproj/LaunchScreen.storyboard; sourceTree = "<group>"; };
		65B2735F23A975C300BF04FF /* Info.plist */ = {isa = PBXFileReference; lastKnownFileType = text.plist.xml; path = Info.plist; sourceTree = "<group>"; };
		65B2736423A975C300BF04FF /* BicycleRideTests.xctest */ = {isa = PBXFileReference; explicitFileType = wrapper.cfbundle; includeInIndex = 0; path = BicycleRideTests.xctest; sourceTree = BUILT_PRODUCTS_DIR; };
		65B2736A23A975C300BF04FF /* Info.plist */ = {isa = PBXFileReference; lastKnownFileType = text.plist.xml; path = Info.plist; sourceTree = "<group>"; };
		65B2739723AA2DB700BF04FF /* Constants.swift */ = {isa = PBXFileReference; lastKnownFileType = sourcecode.swift; path = Constants.swift; sourceTree = "<group>"; };
		65B273C923BAA7A800BF04FF /* GoogleService-Info.plist */ = {isa = PBXFileReference; fileEncoding = 4; lastKnownFileType = text.plist.xml; path = "GoogleService-Info.plist"; sourceTree = "<group>"; };
		65B273CB23BBAFDC00BF04FF /* AuthService.swift */ = {isa = PBXFileReference; lastKnownFileType = sourcecode.swift; path = AuthService.swift; sourceTree = "<group>"; };
		65B273CD23BBB86600BF04FF /* TabBarViewController.swift */ = {isa = PBXFileReference; lastKnownFileType = sourcecode.swift; path = TabBarViewController.swift; sourceTree = "<group>"; };
		65B273CF23BCBCB600BF04FF /* LoginRegister.storyboard */ = {isa = PBXFileReference; lastKnownFileType = file.storyboard; path = LoginRegister.storyboard; sourceTree = "<group>"; };
		65B273D123BCCFC000BF04FF /* LoginViewController.swift */ = {isa = PBXFileReference; lastKnownFileType = sourcecode.swift; path = LoginViewController.swift; sourceTree = "<group>"; };
		65B273D323BCCFE100BF04FF /* RegisterViewController.swift */ = {isa = PBXFileReference; lastKnownFileType = sourcecode.swift; path = RegisterViewController.swift; sourceTree = "<group>"; };
		65B273D523BCF3E700BF04FF /* UIViewController.swift */ = {isa = PBXFileReference; lastKnownFileType = sourcecode.swift; path = UIViewController.swift; sourceTree = "<group>"; };
		65B273D723BE704300BF04FF /* MeetingsViewController.swift */ = {isa = PBXFileReference; lastKnownFileType = sourcecode.swift; path = MeetingsViewController.swift; sourceTree = "<group>"; };
		65CBA16423EEED06003E49EE /* String.swift */ = {isa = PBXFileReference; lastKnownFileType = sourcecode.swift; path = String.swift; sourceTree = "<group>"; };
		65CBA16823F98601003E49EE /* SF-Pro-Display-Regular.otf */ = {isa = PBXFileReference; lastKnownFileType = file; path = "SF-Pro-Display-Regular.otf"; sourceTree = "<group>"; };
		65CBA16A23F986E4003E49EE /* SF-Pro-Display-Semibold.otf */ = {isa = PBXFileReference; lastKnownFileType = file; path = "SF-Pro-Display-Semibold.otf"; sourceTree = "<group>"; };
		88DE0A4713B3779FA306CDCB /* Pods_BicycleRideTests.framework */ = {isa = PBXFileReference; explicitFileType = wrapper.framework; includeInIndex = 0; path = Pods_BicycleRideTests.framework; sourceTree = BUILT_PRODUCTS_DIR; };
		A4297558102073EB6D966BAB /* Pods-BicycleRideTests.debug.xcconfig */ = {isa = PBXFileReference; includeInIndex = 1; lastKnownFileType = text.xcconfig; name = "Pods-BicycleRideTests.debug.xcconfig"; path = "Target Support Files/Pods-BicycleRideTests/Pods-BicycleRideTests.debug.xcconfig"; sourceTree = "<group>"; };
		B5B8E26B74C325A61209167F /* Pods-BicycleRide.debug.xcconfig */ = {isa = PBXFileReference; includeInIndex = 1; lastKnownFileType = text.xcconfig; name = "Pods-BicycleRide.debug.xcconfig"; path = "Target Support Files/Pods-BicycleRide/Pods-BicycleRide.debug.xcconfig"; sourceTree = "<group>"; };
		CBDC98788120812D49BC2BBE /* Pods-BicycleRide.release.xcconfig */ = {isa = PBXFileReference; includeInIndex = 1; lastKnownFileType = text.xcconfig; name = "Pods-BicycleRide.release.xcconfig"; path = "Target Support Files/Pods-BicycleRide/Pods-BicycleRide.release.xcconfig"; sourceTree = "<group>"; };
		D1BBFEAEBBBCF4F91BFB730C /* Pods_BicycleRide.framework */ = {isa = PBXFileReference; explicitFileType = wrapper.framework; includeInIndex = 0; path = Pods_BicycleRide.framework; sourceTree = BUILT_PRODUCTS_DIR; };
/* End PBXFileReference section */

/* Begin PBXFrameworksBuildPhase section */
		65B2734B23A975C100BF04FF /* Frameworks */ = {
			isa = PBXFrameworksBuildPhase;
			buildActionMask = 2147483647;
			files = (
				3188139FD272384B6DBC4926 /* Pods_BicycleRide.framework in Frameworks */,
				6578527C23E85063009B1A4C /* IQKeyboardManagerSwift in Frameworks */,
			);
			runOnlyForDeploymentPostprocessing = 0;
		};
		65B2736123A975C300BF04FF /* Frameworks */ = {
			isa = PBXFrameworksBuildPhase;
			buildActionMask = 2147483647;
			files = (
				F33F46BA87BB41C232F87066 /* Pods_BicycleRideTests.framework in Frameworks */,
			);
			runOnlyForDeploymentPostprocessing = 0;
		};
/* End PBXFrameworksBuildPhase section */

/* Begin PBXGroup section */
		6578526D23E5E98F009B1A4C /* Firebase */ = {
			isa = PBXGroup;
			children = (
				656FAA8523CF21A20090C4EC /* AuthProtocol.swift */,
				656FAA8923CF251F0090C4EC /* AuthSession.swift */,
				65B273CB23BBAFDC00BF04FF /* AuthService.swift */,
				656FAA8723CF21B90090C4EC /* FirestoreProtocol.swift */,
				6578525423DA121A009B1A4C /* FirestoreSession.swift */,
				651EF80C23C24E7D005FD140 /* FirestoreService.swift */,
			);
			path = Firebase;
			sourceTree = "<group>";
		};
		65B2734523A975C100BF04FF = {
			isa = PBXGroup;
			children = (
				65B2735023A975C100BF04FF /* BicycleRide */,
				65B2736723A975C300BF04FF /* BicycleRideTests */,
				65B2734F23A975C100BF04FF /* Products */,
				F1692977B12EE18BD6B96799 /* Pods */,
				FD59E17446C1B6202B628D0F /* Frameworks */,
			);
			sourceTree = "<group>";
		};
		65B2734F23A975C100BF04FF /* Products */ = {
			isa = PBXGroup;
			children = (
				65B2734E23A975C100BF04FF /* BicycleRide.app */,
				65B2736423A975C300BF04FF /* BicycleRideTests.xctest */,
			);
			name = Products;
			sourceTree = "<group>";
		};
		65B2735023A975C100BF04FF /* BicycleRide */ = {
			isa = PBXGroup;
			children = (
				65B2739323AA2CCF00BF04FF /* Model */,
				65B2739423AA2CD900BF04FF /* View */,
				65B2739523AA2CEC00BF04FF /* Controller */,
				65B2739923AA2DCD00BF04FF /* Extensions */,
				65CBA16723F985D3003E49EE /* Fonts */,
				65B2739623AA2D4200BF04FF /* Supporting Files */,
				65B2735123A975C100BF04FF /* AppDelegate.swift */,
				65B2735323A975C100BF04FF /* SceneDelegate.swift */,
			);
			path = BicycleRide;
			sourceTree = "<group>";
		};
		65B2736723A975C300BF04FF /* BicycleRideTests */ = {
			isa = PBXGroup;
			children = (
				65CBA16623F43584003E49EE /* Helpers */,
				65B2736A23A975C300BF04FF /* Info.plist */,
				6578525C23DEE9E3009B1A4C /* AuthServiceTests.swift */,
				6578526223DF3A3E009B1A4C /* FirestoreServiceTests.swift */,
			);
			path = BicycleRideTests;
			sourceTree = "<group>";
		};
		65B2739323AA2CCF00BF04FF /* Model */ = {
			isa = PBXGroup;
			children = (
				6578526D23E5E98F009B1A4C /* Firebase */,
				651EF80423C0F850005FD140 /* Meeting.swift */,
				651EF80A23C24B8F005FD140 /* UserProfile.swift */,
				6578527023E759C3009B1A4C /* Message.swift */,
				6578526B23E5E867009B1A4C /* Document.swift */,
				651EF85C23CB8F78005FD140 /* MeetingAnnotation.swift */,
			);
			path = Model;
			sourceTree = "<group>";
		};
		65B2739423AA2CD900BF04FF /* View */ = {
			isa = PBXGroup;
			children = (
				65B2735C23A975C300BF04FF /* LaunchScreen.storyboard */,
				65B2735723A975C100BF04FF /* Main.storyboard */,
				65B273CF23BCBCB600BF04FF /* LoginRegister.storyboard */,
				651EF80623C100EA005FD140 /* MeetingCell.swift */,
				651EF80723C100EA005FD140 /* MeetingCell.xib */,
				6578527623E7638D009B1A4C /* MessageCell.swift */,
				6578527723E7638D009B1A4C /* MessageCell.xib */,
				6578526923E31327009B1A4C /* RoundButton.swift */,
			);
			path = View;
			sourceTree = "<group>";
		};
		65B2739523AA2CEC00BF04FF /* Controller */ = {
			isa = PBXGroup;
			children = (
				65B273CD23BBB86600BF04FF /* TabBarViewController.swift */,
				65B273D123BCCFC000BF04FF /* LoginViewController.swift */,
				65B273D323BCCFE100BF04FF /* RegisterViewController.swift */,
				65B273D723BE704300BF04FF /* MeetingsViewController.swift */,
				651EF80E23C4D180005FD140 /* NewMeetingFirstViewController.swift */,
				651EF81023C5D8D3005FD140 /* NewMeetingSecondViewController.swift */,
				6578525A23DEE779009B1A4C /* MeetingDetailsViewController.swift */,
				6578526423E20D00009B1A4C /* UserProfileViewController.swift */,
				6578527223E75A47009B1A4C /* ChatViewController.swift */,
			);
			path = Controller;
			sourceTree = "<group>";
		};
		65B2739623AA2D4200BF04FF /* Supporting Files */ = {
			isa = PBXGroup;
			children = (
				65B2735A23A975C300BF04FF /* Assets.xcassets */,
				65B2735F23A975C300BF04FF /* Info.plist */,
				65B2739723AA2DB700BF04FF /* Constants.swift */,
				65B273C923BAA7A800BF04FF /* GoogleService-Info.plist */,
			);
			path = "Supporting Files";
			sourceTree = "<group>";
		};
		65B2739923AA2DCD00BF04FF /* Extensions */ = {
			isa = PBXGroup;
			children = (
				65B273D523BCF3E700BF04FF /* UIViewController.swift */,
				656FAACD23D659800090C4EC /* Dictionary.swift */,
				6578526623E2E33A009B1A4C /* UIStackView.swift */,
				6578526E23E748EA009B1A4C /* Double.swift */,
				65CBA16423EEED06003E49EE /* String.swift */,
			);
			path = Extensions;
			sourceTree = "<group>";
		};
		65CBA16623F43584003E49EE /* Helpers */ = {
			isa = PBXGroup;
			children = (
				6578525623DDFC70009B1A4C /* AuthSessionFake.swift */,
				6578525E23DF371A009B1A4C /* FirestoreSessionFake.swift */,
				6578525823DDFD85009B1A4C /* FakeAuthResponse.swift */,
				6578526023DF37AE009B1A4C /* FakeFirestoreResponse.swift */,
			);
			path = Helpers;
			sourceTree = "<group>";
		};
		65CBA16723F985D3003E49EE /* Fonts */ = {
			isa = PBXGroup;
			children = (
				65CBA16823F98601003E49EE /* SF-Pro-Display-Regular.otf */,
				65CBA16A23F986E4003E49EE /* SF-Pro-Display-Semibold.otf */,
			);
			path = Fonts;
			sourceTree = "<group>";
		};
		F1692977B12EE18BD6B96799 /* Pods */ = {
			isa = PBXGroup;
			children = (
				B5B8E26B74C325A61209167F /* Pods-BicycleRide.debug.xcconfig */,
				CBDC98788120812D49BC2BBE /* Pods-BicycleRide.release.xcconfig */,
				A4297558102073EB6D966BAB /* Pods-BicycleRideTests.debug.xcconfig */,
				4522D4B2676DDC16B144F441 /* Pods-BicycleRideTests.release.xcconfig */,
			);
			path = Pods;
			sourceTree = "<group>";
		};
		FD59E17446C1B6202B628D0F /* Frameworks */ = {
			isa = PBXGroup;
			children = (
				D1BBFEAEBBBCF4F91BFB730C /* Pods_BicycleRide.framework */,
				88DE0A4713B3779FA306CDCB /* Pods_BicycleRideTests.framework */,
			);
			name = Frameworks;
			sourceTree = "<group>";
		};
/* End PBXGroup section */

/* Begin PBXNativeTarget section */
		65B2734D23A975C100BF04FF /* BicycleRide */ = {
			isa = PBXNativeTarget;
			buildConfigurationList = 65B2736D23A975C300BF04FF /* Build configuration list for PBXNativeTarget "BicycleRide" */;
			buildPhases = (
				E7D044A7A5638A02A430F462 /* [CP] Check Pods Manifest.lock */,
				65B2734A23A975C100BF04FF /* Sources */,
				65B2734B23A975C100BF04FF /* Frameworks */,
				65B2734C23A975C100BF04FF /* Resources */,
				51FA77FDA94E086E102880DA /* [CP] Embed Pods Frameworks */,
			);
			buildRules = (
			);
			dependencies = (
			);
			name = BicycleRide;
			packageProductDependencies = (
				6578527B23E85063009B1A4C /* IQKeyboardManagerSwift */,
			);
			productName = BicycleRide;
			productReference = 65B2734E23A975C100BF04FF /* BicycleRide.app */;
			productType = "com.apple.product-type.application";
		};
		65B2736323A975C300BF04FF /* BicycleRideTests */ = {
			isa = PBXNativeTarget;
			buildConfigurationList = 65B2737023A975C300BF04FF /* Build configuration list for PBXNativeTarget "BicycleRideTests" */;
			buildPhases = (
				7CB25F86F8BD08F9680D1997 /* [CP] Check Pods Manifest.lock */,
				65B2736023A975C300BF04FF /* Sources */,
				65B2736123A975C300BF04FF /* Frameworks */,
				65B2736223A975C300BF04FF /* Resources */,
			);
			buildRules = (
			);
			dependencies = (
				65B2736623A975C300BF04FF /* PBXTargetDependency */,
			);
			name = BicycleRideTests;
			productName = BicycleRideTests;
			productReference = 65B2736423A975C300BF04FF /* BicycleRideTests.xctest */;
			productType = "com.apple.product-type.bundle.unit-test";
		};
/* End PBXNativeTarget section */

/* Begin PBXProject section */
		65B2734623A975C100BF04FF /* Project object */ = {
			isa = PBXProject;
			attributes = {
				LastSwiftUpdateCheck = 1130;
				LastUpgradeCheck = 1130;
				ORGANIZATIONNAME = "Daniel BENDEMAGH";
				TargetAttributes = {
					65B2734D23A975C100BF04FF = {
						CreatedOnToolsVersion = 11.3;
					};
					65B2736323A975C300BF04FF = {
						CreatedOnToolsVersion = 11.3;
						TestTargetID = 65B2734D23A975C100BF04FF;
					};
				};
			};
			buildConfigurationList = 65B2734923A975C100BF04FF /* Build configuration list for PBXProject "BicycleRide" */;
			compatibilityVersion = "Xcode 9.3";
			developmentRegion = en;
			hasScannedForEncodings = 0;
			knownRegions = (
				en,
				Base,
			);
			mainGroup = 65B2734523A975C100BF04FF;
			packageReferences = (
				6578527A23E85063009B1A4C /* XCRemoteSwiftPackageReference "IQKeyboardManager" */,
			);
			productRefGroup = 65B2734F23A975C100BF04FF /* Products */;
			projectDirPath = "";
			projectRoot = "";
			targets = (
				65B2734D23A975C100BF04FF /* BicycleRide */,
				65B2736323A975C300BF04FF /* BicycleRideTests */,
			);
		};
/* End PBXProject section */

/* Begin PBXResourcesBuildPhase section */
		65B2734C23A975C100BF04FF /* Resources */ = {
			isa = PBXResourcesBuildPhase;
			buildActionMask = 2147483647;
			files = (
				65B2735E23A975C300BF04FF /* LaunchScreen.storyboard in Resources */,
				651EF80923C100EA005FD140 /* MeetingCell.xib in Resources */,
				65CBA16923F98601003E49EE /* SF-Pro-Display-Regular.otf in Resources */,
				65B273CA23BAA7A800BF04FF /* GoogleService-Info.plist in Resources */,
				65B2735B23A975C300BF04FF /* Assets.xcassets in Resources */,
				65B273D023BCBCB600BF04FF /* LoginRegister.storyboard in Resources */,
				65CBA16B23F986E4003E49EE /* SF-Pro-Display-Semibold.otf in Resources */,
				6578527923E7638D009B1A4C /* MessageCell.xib in Resources */,
				65B2735923A975C100BF04FF /* Main.storyboard in Resources */,
			);
			runOnlyForDeploymentPostprocessing = 0;
		};
		65B2736223A975C300BF04FF /* Resources */ = {
			isa = PBXResourcesBuildPhase;
			buildActionMask = 2147483647;
			files = (
			);
			runOnlyForDeploymentPostprocessing = 0;
		};
/* End PBXResourcesBuildPhase section */

/* Begin PBXShellScriptBuildPhase section */
		51FA77FDA94E086E102880DA /* [CP] Embed Pods Frameworks */ = {
			isa = PBXShellScriptBuildPhase;
			buildActionMask = 2147483647;
			files = (
			);
			inputFileListPaths = (
				"${PODS_ROOT}/Target Support Files/Pods-BicycleRide/Pods-BicycleRide-frameworks-${CONFIGURATION}-input-files.xcfilelist",
			);
			name = "[CP] Embed Pods Frameworks";
			outputFileListPaths = (
				"${PODS_ROOT}/Target Support Files/Pods-BicycleRide/Pods-BicycleRide-frameworks-${CONFIGURATION}-output-files.xcfilelist",
			);
			runOnlyForDeploymentPostprocessing = 0;
			shellPath = /bin/sh;
			shellScript = "\"${PODS_ROOT}/Target Support Files/Pods-BicycleRide/Pods-BicycleRide-frameworks.sh\"\n";
			showEnvVarsInLog = 0;
		};
		7CB25F86F8BD08F9680D1997 /* [CP] Check Pods Manifest.lock */ = {
			isa = PBXShellScriptBuildPhase;
			buildActionMask = 2147483647;
			files = (
			);
			inputFileListPaths = (
			);
			inputPaths = (
				"${PODS_PODFILE_DIR_PATH}/Podfile.lock",
				"${PODS_ROOT}/Manifest.lock",
			);
			name = "[CP] Check Pods Manifest.lock";
			outputFileListPaths = (
			);
			outputPaths = (
				"$(DERIVED_FILE_DIR)/Pods-BicycleRideTests-checkManifestLockResult.txt",
			);
			runOnlyForDeploymentPostprocessing = 0;
			shellPath = /bin/sh;
			shellScript = "diff \"${PODS_PODFILE_DIR_PATH}/Podfile.lock\" \"${PODS_ROOT}/Manifest.lock\" > /dev/null\nif [ $? != 0 ] ; then\n    # print error to STDERR\n    echo \"error: The sandbox is not in sync with the Podfile.lock. Run 'pod install' or update your CocoaPods installation.\" >&2\n    exit 1\nfi\n# This output is used by Xcode 'outputs' to avoid re-running this script phase.\necho \"SUCCESS\" > \"${SCRIPT_OUTPUT_FILE_0}\"\n";
			showEnvVarsInLog = 0;
		};
		E7D044A7A5638A02A430F462 /* [CP] Check Pods Manifest.lock */ = {
			isa = PBXShellScriptBuildPhase;
			buildActionMask = 2147483647;
			files = (
			);
			inputFileListPaths = (
			);
			inputPaths = (
				"${PODS_PODFILE_DIR_PATH}/Podfile.lock",
				"${PODS_ROOT}/Manifest.lock",
			);
			name = "[CP] Check Pods Manifest.lock";
			outputFileListPaths = (
			);
			outputPaths = (
				"$(DERIVED_FILE_DIR)/Pods-BicycleRide-checkManifestLockResult.txt",
			);
			runOnlyForDeploymentPostprocessing = 0;
			shellPath = /bin/sh;
			shellScript = "diff \"${PODS_PODFILE_DIR_PATH}/Podfile.lock\" \"${PODS_ROOT}/Manifest.lock\" > /dev/null\nif [ $? != 0 ] ; then\n    # print error to STDERR\n    echo \"error: The sandbox is not in sync with the Podfile.lock. Run 'pod install' or update your CocoaPods installation.\" >&2\n    exit 1\nfi\n# This output is used by Xcode 'outputs' to avoid re-running this script phase.\necho \"SUCCESS\" > \"${SCRIPT_OUTPUT_FILE_0}\"\n";
			showEnvVarsInLog = 0;
		};
/* End PBXShellScriptBuildPhase section */

/* Begin PBXSourcesBuildPhase section */
		65B2734A23A975C100BF04FF /* Sources */ = {
			isa = PBXSourcesBuildPhase;
			buildActionMask = 2147483647;
			files = (
				651EF80B23C24B8F005FD140 /* UserProfile.swift in Sources */,
				6578526523E20D00009B1A4C /* UserProfileViewController.swift in Sources */,
				6578526C23E5E868009B1A4C /* Document.swift in Sources */,
				65B273D223BCCFC000BF04FF /* LoginViewController.swift in Sources */,
				65CBA16523EEED06003E49EE /* String.swift in Sources */,
				6578525523DA121A009B1A4C /* FirestoreSession.swift in Sources */,
				656FAA8A23CF251F0090C4EC /* AuthSession.swift in Sources */,
				651EF80823C100EA005FD140 /* MeetingCell.swift in Sources */,
				6578526F23E748EA009B1A4C /* Double.swift in Sources */,
				6578526A23E31327009B1A4C /* RoundButton.swift in Sources */,
				651EF85D23CB8F78005FD140 /* MeetingAnnotation.swift in Sources */,
				651EF80F23C4D180005FD140 /* NewMeetingFirstViewController.swift in Sources */,
				6578527823E7638D009B1A4C /* MessageCell.swift in Sources */,
				65B273D623BCF3E700BF04FF /* UIViewController.swift in Sources */,
				65B2735223A975C100BF04FF /* AppDelegate.swift in Sources */,
				6578527123E759C3009B1A4C /* Message.swift in Sources */,
				65B273D823BE704300BF04FF /* MeetingsViewController.swift in Sources */,
				6578525B23DEE779009B1A4C /* MeetingDetailsViewController.swift in Sources */,
				651EF80D23C24E7D005FD140 /* FirestoreService.swift in Sources */,
				656FAACE23D659800090C4EC /* Dictionary.swift in Sources */,
				65B273D423BCCFE100BF04FF /* RegisterViewController.swift in Sources */,
				65B273CC23BBAFDC00BF04FF /* AuthService.swift in Sources */,
				656FAA8823CF21B90090C4EC /* FirestoreProtocol.swift in Sources */,
				65B2735423A975C100BF04FF /* SceneDelegate.swift in Sources */,
				656FAA8623CF21A20090C4EC /* AuthProtocol.swift in Sources */,
				651EF80523C0F850005FD140 /* Meeting.swift in Sources */,
				651EF81123C5D8D3005FD140 /* NewMeetingSecondViewController.swift in Sources */,
				6578526723E2E33A009B1A4C /* UIStackView.swift in Sources */,
				65B273CE23BBB86600BF04FF /* TabBarViewController.swift in Sources */,
				6578527323E75A47009B1A4C /* ChatViewController.swift in Sources */,
				65B2739823AA2DB700BF04FF /* Constants.swift in Sources */,
			);
			runOnlyForDeploymentPostprocessing = 0;
		};
		65B2736023A975C300BF04FF /* Sources */ = {
			isa = PBXSourcesBuildPhase;
			buildActionMask = 2147483647;
			files = (
				6578526123DF37AE009B1A4C /* FakeFirestoreResponse.swift in Sources */,
				6578526323DF3A3E009B1A4C /* FirestoreServiceTests.swift in Sources */,
				6578525923DDFD85009B1A4C /* FakeAuthResponse.swift in Sources */,
				6578525723DDFC70009B1A4C /* AuthSessionFake.swift in Sources */,
				6578525D23DEE9E3009B1A4C /* AuthServiceTests.swift in Sources */,
				6578525F23DF371A009B1A4C /* FirestoreSessionFake.swift in Sources */,
			);
			runOnlyForDeploymentPostprocessing = 0;
		};
/* End PBXSourcesBuildPhase section */

/* Begin PBXTargetDependency section */
		65B2736623A975C300BF04FF /* PBXTargetDependency */ = {
			isa = PBXTargetDependency;
			target = 65B2734D23A975C100BF04FF /* BicycleRide */;
			targetProxy = 65B2736523A975C300BF04FF /* PBXContainerItemProxy */;
		};
/* End PBXTargetDependency section */

/* Begin PBXVariantGroup section */
		65B2735723A975C100BF04FF /* Main.storyboard */ = {
			isa = PBXVariantGroup;
			children = (
				65B2735823A975C100BF04FF /* Base */,
			);
			name = Main.storyboard;
			sourceTree = "<group>";
		};
		65B2735C23A975C300BF04FF /* LaunchScreen.storyboard */ = {
			isa = PBXVariantGroup;
			children = (
				65B2735D23A975C300BF04FF /* Base */,
			);
			name = LaunchScreen.storyboard;
			sourceTree = "<group>";
		};
/* End PBXVariantGroup section */

/* Begin XCBuildConfiguration section */
		65B2736B23A975C300BF04FF /* Debug */ = {
			isa = XCBuildConfiguration;
			buildSettings = {
				ALWAYS_SEARCH_USER_PATHS = NO;
				CLANG_ANALYZER_NONNULL = YES;
				CLANG_ANALYZER_NUMBER_OBJECT_CONVERSION = YES_AGGRESSIVE;
				CLANG_CXX_LANGUAGE_STANDARD = "gnu++14";
				CLANG_CXX_LIBRARY = "libc++";
				CLANG_ENABLE_MODULES = YES;
				CLANG_ENABLE_OBJC_ARC = YES;
				CLANG_ENABLE_OBJC_WEAK = YES;
				CLANG_WARN_BLOCK_CAPTURE_AUTORELEASING = YES;
				CLANG_WARN_BOOL_CONVERSION = YES;
				CLANG_WARN_COMMA = YES;
				CLANG_WARN_CONSTANT_CONVERSION = YES;
				CLANG_WARN_DEPRECATED_OBJC_IMPLEMENTATIONS = YES;
				CLANG_WARN_DIRECT_OBJC_ISA_USAGE = YES_ERROR;
				CLANG_WARN_DOCUMENTATION_COMMENTS = YES;
				CLANG_WARN_EMPTY_BODY = YES;
				CLANG_WARN_ENUM_CONVERSION = YES;
				CLANG_WARN_INFINITE_RECURSION = YES;
				CLANG_WARN_INT_CONVERSION = YES;
				CLANG_WARN_NON_LITERAL_NULL_CONVERSION = YES;
				CLANG_WARN_OBJC_IMPLICIT_RETAIN_SELF = YES;
				CLANG_WARN_OBJC_LITERAL_CONVERSION = YES;
				CLANG_WARN_OBJC_ROOT_CLASS = YES_ERROR;
				CLANG_WARN_RANGE_LOOP_ANALYSIS = YES;
				CLANG_WARN_STRICT_PROTOTYPES = YES;
				CLANG_WARN_SUSPICIOUS_MOVE = YES;
				CLANG_WARN_UNGUARDED_AVAILABILITY = YES_AGGRESSIVE;
				CLANG_WARN_UNREACHABLE_CODE = YES;
				CLANG_WARN__DUPLICATE_METHOD_MATCH = YES;
				COPY_PHASE_STRIP = NO;
				DEBUG_INFORMATION_FORMAT = dwarf;
				ENABLE_STRICT_OBJC_MSGSEND = YES;
				ENABLE_TESTABILITY = YES;
				GCC_C_LANGUAGE_STANDARD = gnu11;
				GCC_DYNAMIC_NO_PIC = NO;
				GCC_NO_COMMON_BLOCKS = YES;
				GCC_OPTIMIZATION_LEVEL = 0;
				GCC_PREPROCESSOR_DEFINITIONS = (
					"DEBUG=1",
					"$(inherited)",
				);
				GCC_WARN_64_TO_32_BIT_CONVERSION = YES;
				GCC_WARN_ABOUT_RETURN_TYPE = YES_ERROR;
				GCC_WARN_UNDECLARED_SELECTOR = YES;
				GCC_WARN_UNINITIALIZED_AUTOS = YES_AGGRESSIVE;
				GCC_WARN_UNUSED_FUNCTION = YES;
				GCC_WARN_UNUSED_VARIABLE = YES;
				IPHONEOS_DEPLOYMENT_TARGET = 13.2;
				MTL_ENABLE_DEBUG_INFO = INCLUDE_SOURCE;
				MTL_FAST_MATH = YES;
				ONLY_ACTIVE_ARCH = YES;
				SDKROOT = iphoneos;
				SWIFT_ACTIVE_COMPILATION_CONDITIONS = DEBUG;
				SWIFT_OPTIMIZATION_LEVEL = "-Onone";
			};
			name = Debug;
		};
		65B2736C23A975C300BF04FF /* Release */ = {
			isa = XCBuildConfiguration;
			buildSettings = {
				ALWAYS_SEARCH_USER_PATHS = NO;
				CLANG_ANALYZER_NONNULL = YES;
				CLANG_ANALYZER_NUMBER_OBJECT_CONVERSION = YES_AGGRESSIVE;
				CLANG_CXX_LANGUAGE_STANDARD = "gnu++14";
				CLANG_CXX_LIBRARY = "libc++";
				CLANG_ENABLE_MODULES = YES;
				CLANG_ENABLE_OBJC_ARC = YES;
				CLANG_ENABLE_OBJC_WEAK = YES;
				CLANG_WARN_BLOCK_CAPTURE_AUTORELEASING = YES;
				CLANG_WARN_BOOL_CONVERSION = YES;
				CLANG_WARN_COMMA = YES;
				CLANG_WARN_CONSTANT_CONVERSION = YES;
				CLANG_WARN_DEPRECATED_OBJC_IMPLEMENTATIONS = YES;
				CLANG_WARN_DIRECT_OBJC_ISA_USAGE = YES_ERROR;
				CLANG_WARN_DOCUMENTATION_COMMENTS = YES;
				CLANG_WARN_EMPTY_BODY = YES;
				CLANG_WARN_ENUM_CONVERSION = YES;
				CLANG_WARN_INFINITE_RECURSION = YES;
				CLANG_WARN_INT_CONVERSION = YES;
				CLANG_WARN_NON_LITERAL_NULL_CONVERSION = YES;
				CLANG_WARN_OBJC_IMPLICIT_RETAIN_SELF = YES;
				CLANG_WARN_OBJC_LITERAL_CONVERSION = YES;
				CLANG_WARN_OBJC_ROOT_CLASS = YES_ERROR;
				CLANG_WARN_RANGE_LOOP_ANALYSIS = YES;
				CLANG_WARN_STRICT_PROTOTYPES = YES;
				CLANG_WARN_SUSPICIOUS_MOVE = YES;
				CLANG_WARN_UNGUARDED_AVAILABILITY = YES_AGGRESSIVE;
				CLANG_WARN_UNREACHABLE_CODE = YES;
				CLANG_WARN__DUPLICATE_METHOD_MATCH = YES;
				COPY_PHASE_STRIP = NO;
				DEBUG_INFORMATION_FORMAT = "dwarf-with-dsym";
				ENABLE_NS_ASSERTIONS = NO;
				ENABLE_STRICT_OBJC_MSGSEND = YES;
				GCC_C_LANGUAGE_STANDARD = gnu11;
				GCC_NO_COMMON_BLOCKS = YES;
				GCC_WARN_64_TO_32_BIT_CONVERSION = YES;
				GCC_WARN_ABOUT_RETURN_TYPE = YES_ERROR;
				GCC_WARN_UNDECLARED_SELECTOR = YES;
				GCC_WARN_UNINITIALIZED_AUTOS = YES_AGGRESSIVE;
				GCC_WARN_UNUSED_FUNCTION = YES;
				GCC_WARN_UNUSED_VARIABLE = YES;
				IPHONEOS_DEPLOYMENT_TARGET = 13.2;
				MTL_ENABLE_DEBUG_INFO = NO;
				MTL_FAST_MATH = YES;
				SDKROOT = iphoneos;
				SWIFT_COMPILATION_MODE = wholemodule;
				SWIFT_OPTIMIZATION_LEVEL = "-O";
				VALIDATE_PRODUCT = YES;
			};
			name = Release;
		};
		65B2736E23A975C300BF04FF /* Debug */ = {
			isa = XCBuildConfiguration;
			baseConfigurationReference = B5B8E26B74C325A61209167F /* Pods-BicycleRide.debug.xcconfig */;
			buildSettings = {
				ASSETCATALOG_COMPILER_APPICON_NAME = AppIcon;
				CODE_SIGN_STYLE = Automatic;
				DEVELOPMENT_TEAM = 9T29Y222Y3;
				INFOPLIST_FILE = "BicycleRide/Supporting Files/Info.plist";
				LD_RUNPATH_SEARCH_PATHS = (
					"$(inherited)",
					"@executable_path/Frameworks",
				);
				PRODUCT_BUNDLE_IDENTIFIER = fr.dbendemagh.BicycleRide;
				PRODUCT_NAME = BicycleRide;
				SWIFT_VERSION = 5.0;
				TARGETED_DEVICE_FAMILY = "1,2";
			};
			name = Debug;
		};
		65B2736F23A975C300BF04FF /* Release */ = {
			isa = XCBuildConfiguration;
			baseConfigurationReference = CBDC98788120812D49BC2BBE /* Pods-BicycleRide.release.xcconfig */;
			buildSettings = {
				ASSETCATALOG_COMPILER_APPICON_NAME = AppIcon;
				CODE_SIGN_STYLE = Automatic;
				DEVELOPMENT_TEAM = 9T29Y222Y3;
				INFOPLIST_FILE = "BicycleRide/Supporting Files/Info.plist";
				LD_RUNPATH_SEARCH_PATHS = (
					"$(inherited)",
					"@executable_path/Frameworks",
				);
				PRODUCT_BUNDLE_IDENTIFIER = fr.dbendemagh.BicycleRide;
				PRODUCT_NAME = BicycleRide;
				SWIFT_VERSION = 5.0;
				TARGETED_DEVICE_FAMILY = "1,2";
			};
			name = Release;
		};
		65B2737123A975C300BF04FF /* Debug */ = {
			isa = XCBuildConfiguration;
			baseConfigurationReference = A4297558102073EB6D966BAB /* Pods-BicycleRideTests.debug.xcconfig */;
			buildSettings = {
				ALWAYS_EMBED_SWIFT_STANDARD_LIBRARIES = YES;
				BUNDLE_LOADER = "$(TEST_HOST)";
				CODE_SIGN_STYLE = Automatic;
				DEVELOPMENT_TEAM = 9T29Y222Y3;
				INFOPLIST_FILE = BicycleRideTests/Info.plist;
				IPHONEOS_DEPLOYMENT_TARGET = 13.2;
				LD_RUNPATH_SEARCH_PATHS = (
					"$(inherited)",
					"@executable_path/Frameworks",
					"@loader_path/Frameworks",
				);
				PRODUCT_BUNDLE_IDENTIFIER = fr.dbendemagh.BicycleRideTests;
				PRODUCT_NAME = "$(TARGET_NAME)";
				SWIFT_VERSION = 5.0;
				TARGETED_DEVICE_FAMILY = "1,2";
				TEST_HOST = "$(BUILT_PRODUCTS_DIR)/BicycleRide.app/BicycleRide";
			};
			name = Debug;
		};
		65B2737223A975C300BF04FF /* Release */ = {
			isa = XCBuildConfiguration;
			baseConfigurationReference = 4522D4B2676DDC16B144F441 /* Pods-BicycleRideTests.release.xcconfig */;
			buildSettings = {
				ALWAYS_EMBED_SWIFT_STANDARD_LIBRARIES = YES;
				BUNDLE_LOADER = "$(TEST_HOST)";
				CODE_SIGN_STYLE = Automatic;
				DEVELOPMENT_TEAM = 9T29Y222Y3;
				INFOPLIST_FILE = BicycleRideTests/Info.plist;
				IPHONEOS_DEPLOYMENT_TARGET = 13.2;
				LD_RUNPATH_SEARCH_PATHS = (
					"$(inherited)",
					"@executable_path/Frameworks",
					"@loader_path/Frameworks",
				);
				PRODUCT_BUNDLE_IDENTIFIER = fr.dbendemagh.BicycleRideTests;
				PRODUCT_NAME = "$(TARGET_NAME)";
				SWIFT_VERSION = 5.0;
				TARGETED_DEVICE_FAMILY = "1,2";
				TEST_HOST = "$(BUILT_PRODUCTS_DIR)/BicycleRide.app/BicycleRide";
			};
			name = Release;
		};
/* End XCBuildConfiguration section */

/* Begin XCConfigurationList section */
		65B2734923A975C100BF04FF /* Build configuration list for PBXProject "BicycleRide" */ = {
			isa = XCConfigurationList;
			buildConfigurations = (
				65B2736B23A975C300BF04FF /* Debug */,
				65B2736C23A975C300BF04FF /* Release */,
			);
			defaultConfigurationIsVisible = 0;
			defaultConfigurationName = Release;
		};
		65B2736D23A975C300BF04FF /* Build configuration list for PBXNativeTarget "BicycleRide" */ = {
			isa = XCConfigurationList;
			buildConfigurations = (
				65B2736E23A975C300BF04FF /* Debug */,
				65B2736F23A975C300BF04FF /* Release */,
			);
			defaultConfigurationIsVisible = 0;
			defaultConfigurationName = Release;
		};
		65B2737023A975C300BF04FF /* Build configuration list for PBXNativeTarget "BicycleRideTests" */ = {
			isa = XCConfigurationList;
			buildConfigurations = (
				65B2737123A975C300BF04FF /* Debug */,
				65B2737223A975C300BF04FF /* Release */,
			);
			defaultConfigurationIsVisible = 0;
			defaultConfigurationName = Release;
		};
/* End XCConfigurationList section */

/* Begin XCRemoteSwiftPackageReference section */
		6578527A23E85063009B1A4C /* XCRemoteSwiftPackageReference "IQKeyboardManager" */ = {
			isa = XCRemoteSwiftPackageReference;
			repositoryURL = "https://github.com/hackiftekhar/IQKeyboardManager";
			requirement = {
				kind = upToNextMajorVersion;
				minimumVersion = 6.5.5;
			};
		};
/* End XCRemoteSwiftPackageReference section */

/* Begin XCSwiftPackageProductDependency section */
		6578527B23E85063009B1A4C /* IQKeyboardManagerSwift */ = {
			isa = XCSwiftPackageProductDependency;
			package = 6578527A23E85063009B1A4C /* XCRemoteSwiftPackageReference "IQKeyboardManager" */;
			productName = IQKeyboardManagerSwift;
		};
/* End XCSwiftPackageProductDependency section */
	};
	rootObject = 65B2734623A975C100BF04FF /* Project object */;
}
